
Microsoft Visual Studio Solution File, Format Version 12.00
# Visual Studio 2013
VisualStudioVersion = 12.0.21005.1
MinimumVisualStudioVersion = 10.0.40219.1
Project("{2150E333-8FDC-42A3-9474-1A3956D46DE8}") = "CMakePredefinedTargets", "CMakePredefinedTargets", "{1FF20B2B-5881-39D0-BC82-13970EAB0C58}"
EndProject
Project("{2150E333-8FDC-42A3-9474-1A3956D46DE8}") = "sisl", "sisl", "{1F356790-078A-31FA-8526-838B82229495}"
EndProject
Project("{2150E333-8FDC-42A3-9474-1A3956D46DE8}") = "Apps", "Apps", "{E6B5AC9D-2D05-368C-AC2C-7233C9D93BF6}"
EndProject
Project("{2150E333-8FDC-42A3-9474-1A3956D46DE8}") = "Libs", "Libs", "{A95A2ABA-5E85-37D1-AC87-444802627622}"
EndProject
Project("{8BC9CEB8-8B4A-11D0-8D11-00A0C91BC942}") = "ALL_BUILD", "ALL_BUILD.vcxproj", "{AA296E9A-C4CA-309A-B8B9-3B373D9AA732}"
	ProjectSection(ProjectDependencies) = postProject
		{A0D5D8A7-FC7A-3070-B780-584543532F31} = {A0D5D8A7-FC7A-3070-B780-584543532F31}
		{ACF13479-B39B-3F45-A3FA-EFD6AFD572EC} = {ACF13479-B39B-3F45-A3FA-EFD6AFD572EC}
	EndProjectSection
EndProject
Project("{8BC9CEB8-8B4A-11D0-8D11-00A0C91BC942}") = "INSTALL", "INSTALL.vcxproj", "{80BEDF65-B96C-30B2-9B35-45D4C5EC6869}"
	ProjectSection(ProjectDependencies) = postProject
		{AA296E9A-C4CA-309A-B8B9-3B373D9AA732} = {AA296E9A-C4CA-309A-B8B9-3B373D9AA732}
		{A0D5D8A7-FC7A-3070-B780-584543532F31} = {A0D5D8A7-FC7A-3070-B780-584543532F31}
	EndProjectSection
EndProject
Project("{8BC9CEB8-8B4A-11D0-8D11-00A0C91BC942}") = "PACKAGE", "PACKAGE.vcxproj", "{F98E8E7D-0593-32F5-B9D7-17B05B88E483}"
	ProjectSection(ProjectDependencies) = postProject
		{AA296E9A-C4CA-309A-B8B9-3B373D9AA732} = {AA296E9A-C4CA-309A-B8B9-3B373D9AA732}
		{A0D5D8A7-FC7A-3070-B780-584543532F31} = {A0D5D8A7-FC7A-3070-B780-584543532F31}
	EndProjectSection
EndProject
Project("{8BC9CEB8-8B4A-11D0-8D11-00A0C91BC942}") = "ZERO_CHECK", "ZERO_CHECK.vcxproj", "{A0D5D8A7-FC7A-3070-B780-584543532F31}"
EndProject
Project("{8BC9CEB8-8B4A-11D0-8D11-00A0C91BC942}") = "sisl", "sisl.vcxproj", "{ACF13479-B39B-3F45-A3FA-EFD6AFD572EC}"
	ProjectSection(ProjectDependencies) = postProject
		{A0D5D8A7-FC7A-3070-B780-584543532F31} = {A0D5D8A7-FC7A-3070-B780-584543532F31}
	EndProjectSection
EndProject
Project("{8BC9CEB8-8B4A-11D0-8D11-00A0C91BC942}") = "SislNurbs", "SislNurbs.vcxproj", "{26475D31-ECBD-4E2F-AA34-F2490192A230}"
EndProject
Global
	GlobalSection(SolutionConfigurationPlatforms) = preSolution
		Debug|ARM = Debug|ARM
		Debug|Win32 = Debug|Win32
		Debug|x64 = Debug|x64
		MinSizeRel|ARM = MinSizeRel|ARM
		MinSizeRel|Win32 = MinSizeRel|Win32
		MinSizeRel|x64 = MinSizeRel|x64
		Release|ARM = Release|ARM
		Release|Win32 = Release|Win32
		Release|x64 = Release|x64
		RelWithDebInfo|ARM = RelWithDebInfo|ARM
		RelWithDebInfo|Win32 = RelWithDebInfo|Win32
		RelWithDebInfo|x64 = RelWithDebInfo|x64
	EndGlobalSection
	GlobalSection(ProjectConfigurationPlatforms) = postSolution
		{AA296E9A-C4CA-309A-B8B9-3B373D9AA732}.Debug|ARM.ActiveCfg = Debug|Win32
		{AA296E9A-C4CA-309A-B8B9-3B373D9AA732}.Debug|Win32.ActiveCfg = Debug|x64
		{AA296E9A-C4CA-309A-B8B9-3B373D9AA732}.Debug|Win32.Build.0 = Debug|x64
		{AA296E9A-C4CA-309A-B8B9-3B373D9AA732}.Debug|x64.ActiveCfg = Debug|Win32
		{AA296E9A-C4CA-309A-B8B9-3B373D9AA732}.MinSizeRel|ARM.ActiveCfg = MinSizeRel|Win32
		{AA296E9A-C4CA-309A-B8B9-3B373D9AA732}.MinSizeRel|Win32.ActiveCfg = MinSizeRel|Win32
		{AA296E9A-C4CA-309A-B8B9-3B373D9AA732}.MinSizeRel|Win32.Build.0 = MinSizeRel|Win32
		{AA296E9A-C4CA-309A-B8B9-3B373D9AA732}.MinSizeRel|x64.ActiveCfg = MinSizeRel|Win32
		{AA296E9A-C4CA-309A-B8B9-3B373D9AA732}.Release|ARM.ActiveCfg = Release|Win32
		{AA296E9A-C4CA-309A-B8B9-3B373D9AA732}.Release|Win32.ActiveCfg = Release|Win32
		{AA296E9A-C4CA-309A-B8B9-3B373D9AA732}.Release|Win32.Build.0 = Release|Win32
		{AA296E9A-C4CA-309A-B8B9-3B373D9AA732}.Release|x64.ActiveCfg = Release|Win32
		{AA296E9A-C4CA-309A-B8B9-3B373D9AA732}.RelWithDebInfo|ARM.ActiveCfg = RelWithDebInfo|Win32
		{AA296E9A-C4CA-309A-B8B9-3B373D9AA732}.RelWithDebInfo|Win32.ActiveCfg = RelWithDebInfo|Win32
		{AA296E9A-C4CA-309A-B8B9-3B373D9AA732}.RelWithDebInfo|Win32.Build.0 = RelWithDebInfo|Win32
		{AA296E9A-C4CA-309A-B8B9-3B373D9AA732}.RelWithDebInfo|x64.ActiveCfg = RelWithDebInfo|Win32
		{80BEDF65-B96C-30B2-9B35-45D4C5EC6869}.Debug|ARM.ActiveCfg = Debug|Win32
		{80BEDF65-B96C-30B2-9B35-45D4C5EC6869}.Debug|Win32.ActiveCfg = Debug|x64
		{80BEDF65-B96C-30B2-9B35-45D4C5EC6869}.Debug|x64.ActiveCfg = Debug|Win32
		{80BEDF65-B96C-30B2-9B35-45D4C5EC6869}.MinSizeRel|ARM.ActiveCfg = MinSizeRel|Win32
		{80BEDF65-B96C-30B2-9B35-45D4C5EC6869}.MinSizeRel|Win32.ActiveCfg = MinSizeRel|Win32
		{80BEDF65-B96C-30B2-9B35-45D4C5EC6869}.MinSizeRel|x64.ActiveCfg = MinSizeRel|Win32
		{80BEDF65-B96C-30B2-9B35-45D4C5EC6869}.Release|ARM.ActiveCfg = Release|Win32
		{80BEDF65-B96C-30B2-9B35-45D4C5EC6869}.Release|Win32.ActiveCfg = Release|Win32
		{80BEDF65-B96C-30B2-9B35-45D4C5EC6869}.Release|x64.ActiveCfg = Release|Win32
		{80BEDF65-B96C-30B2-9B35-45D4C5EC6869}.RelWithDebInfo|ARM.ActiveCfg = RelWithDebInfo|Win32
		{80BEDF65-B96C-30B2-9B35-45D4C5EC6869}.RelWithDebInfo|Win32.ActiveCfg = RelWithDebInfo|Win32
		{80BEDF65-B96C-30B2-9B35-45D4C5EC6869}.RelWithDebInfo|x64.ActiveCfg = RelWithDebInfo|Win32
		{F98E8E7D-0593-32F5-B9D7-17B05B88E483}.Debug|ARM.ActiveCfg = Debug|Win32
		{F98E8E7D-0593-32F5-B9D7-17B05B88E483}.Debug|Win32.ActiveCfg = Debug|x64
		{F98E8E7D-0593-32F5-B9D7-17B05B88E483}.Debug|x64.ActiveCfg = Debug|Win32
		{F98E8E7D-0593-32F5-B9D7-17B05B88E483}.MinSizeRel|ARM.ActiveCfg = MinSizeRel|Win32
		{F98E8E7D-0593-32F5-B9D7-17B05B88E483}.MinSizeRel|Win32.ActiveCfg = MinSizeRel|Win32
		{F98E8E7D-0593-32F5-B9D7-17B05B88E483}.MinSizeRel|x64.ActiveCfg = MinSizeRel|Win32
		{F98E8E7D-0593-32F5-B9D7-17B05B88E483}.Release|ARM.ActiveCfg = Release|Win32
		{F98E8E7D-0593-32F5-B9D7-17B05B88E483}.Release|Win32.ActiveCfg = Release|Win32
		{F98E8E7D-0593-32F5-B9D7-17B05B88E483}.Release|x64.ActiveCfg = Release|Win32
		{F98E8E7D-0593-32F5-B9D7-17B05B88E483}.RelWithDebInfo|ARM.ActiveCfg = RelWithDebInfo|Win32
		{F98E8E7D-0593-32F5-B9D7-17B05B88E483}.RelWithDebInfo|Win32.ActiveCfg = RelWithDebInfo|Win32
		{F98E8E7D-0593-32F5-B9D7-17B05B88E483}.RelWithDebInfo|x64.ActiveCfg = RelWithDebInfo|Win32
		{A0D5D8A7-FC7A-3070-B780-584543532F31}.Debug|ARM.ActiveCfg = Debug|Win32
		{A0D5D8A7-FC7A-3070-B780-584543532F31}.Debug|Win32.ActiveCfg = Debug|x64
		{A0D5D8A7-FC7A-3070-B780-584543532F31}.Debug|Win32.Build.0 = Debug|x64
		{A0D5D8A7-FC7A-3070-B780-584543532F31}.Debug|x64.ActiveCfg = Debug|Win32
		{A0D5D8A7-FC7A-3070-B780-584543532F31}.MinSizeRel|ARM.ActiveCfg = MinSizeRel|Win32
		{A0D5D8A7-FC7A-3070-B780-584543532F31}.MinSizeRel|Win32.ActiveCfg = MinSizeRel|Win32
		{A0D5D8A7-FC7A-3070-B780-584543532F31}.MinSizeRel|Win32.Build.0 = MinSizeRel|Win32
		{A0D5D8A7-FC7A-3070-B780-584543532F31}.MinSizeRel|x64.ActiveCfg = MinSizeRel|Win32
		{A0D5D8A7-FC7A-3070-B780-584543532F31}.Release|ARM.ActiveCfg = Release|Win32
		{A0D5D8A7-FC7A-3070-B780-584543532F31}.Release|Win32.ActiveCfg = Release|Win32
		{A0D5D8A7-FC7A-3070-B780-584543532F31}.Release|Win32.Build.0 = Release|Win32
		{A0D5D8A7-FC7A-3070-B780-584543532F31}.Release|x64.ActiveCfg = Release|Win32
		{A0D5D8A7-FC7A-3070-B780-584543532F31}.RelWithDebInfo|ARM.ActiveCfg = RelWithDebInfo|Win32
		{A0D5D8A7-FC7A-3070-B780-584543532F31}.RelWithDebInfo|Win32.ActiveCfg = RelWithDebInfo|Win32
		{A0D5D8A7-FC7A-3070-B780-584543532F31}.RelWithDebInfo|Win32.Build.0 = RelWithDebInfo|Win32
		{A0D5D8A7-FC7A-3070-B780-584543532F31}.RelWithDebInfo|x64.ActiveCfg = RelWithDebInfo|Win32
		{ACF13479-B39B-3F45-A3FA-EFD6AFD572EC}.Debug|ARM.ActiveCfg = Debug|Win32
		{ACF13479-B39B-3F45-A3FA-EFD6AFD572EC}.Debug|Win32.ActiveCfg = Debug|x64
		{ACF13479-B39B-3F45-A3FA-EFD6AFD572EC}.Debug|Win32.Build.0 = Debug|x64
		{ACF13479-B39B-3F45-A3FA-EFD6AFD572EC}.Debug|x64.ActiveCfg = Debug|Win32
		{ACF13479-B39B-3F45-A3FA-EFD6AFD572EC}.MinSizeRel|ARM.ActiveCfg = MinSizeRel|Win32
		{ACF13479-B39B-3F45-A3FA-EFD6AFD572EC}.MinSizeRel|Win32.ActiveCfg = MinSizeRel|Win32
		{ACF13479-B39B-3F45-A3FA-EFD6AFD572EC}.MinSizeRel|Win32.Build.0 = MinSizeRel|Win32
		{ACF13479-B39B-3F45-A3FA-EFD6AFD572EC}.MinSizeRel|x64.ActiveCfg = MinSizeRel|Win32
		{ACF13479-B39B-3F45-A3FA-EFD6AFD572EC}.Release|ARM.ActiveCfg = Release|Win32
		{ACF13479-B39B-3F45-A3FA-EFD6AFD572EC}.Release|Win32.ActiveCfg = Release|Win32
		{ACF13479-B39B-3F45-A3FA-EFD6AFD572EC}.Release|Win32.Build.0 = Release|Win32
		{ACF13479-B39B-3F45-A3FA-EFD6AFD572EC}.Release|x64.ActiveCfg = Release|Win32
		{ACF13479-B39B-3F45-A3FA-EFD6AFD572EC}.RelWithDebInfo|ARM.ActiveCfg = RelWithDebInfo|Win32
		{ACF13479-B39B-3F45-A3FA-EFD6AFD572EC}.RelWithDebInfo|Win32.ActiveCfg = RelWithDebInfo|Win32
		{ACF13479-B39B-3F45-A3FA-EFD6AFD572EC}.RelWithDebInfo|Win32.Build.0 = RelWithDebInfo|Win32
		{ACF13479-B39B-3F45-A3FA-EFD6AFD572EC}.RelWithDebInfo|x64.ActiveCfg = RelWithDebInfo|Win32
		{26475D31-ECBD-4E2F-AA34-F2490192A230}.Debug|ARM.ActiveCfg = Debug|Win32
		{26475D31-ECBD-4E2F-AA34-F2490192A230}.Debug|Win32.ActiveCfg = Debug|x64
		{26475D31-ECBD-4E2F-AA34-F2490192A230}.Debug|Win32.Build.0 = Debug|x64
		{26475D31-ECBD-4E2F-AA34-F2490192A230}.Debug|x64.ActiveCfg = Debug|Win32
		{26475D31-ECBD-4E2F-AA34-F2490192A230}.MinSizeRel|ARM.ActiveCfg = MinSizeRel|Win32
		{26475D31-ECBD-4E2F-AA34-F2490192A230}.MinSizeRel|Win32.ActiveCfg = MinSizeRel|Win32
		{26475D31-ECBD-4E2F-AA34-F2490192A230}.MinSizeRel|Win32.Build.0 = MinSizeRel|Win32
		{26475D31-ECBD-4E2F-AA34-F2490192A230}.MinSizeRel|x64.ActiveCfg = MinSizeRel|Win32
		{26475D31-ECBD-4E2F-AA34-F2490192A230}.Release|ARM.ActiveCfg = Release|Win32
		{26475D31-ECBD-4E2F-AA34-F2490192A230}.Release|Win32.ActiveCfg = Release|Win32
		{26475D31-ECBD-4E2F-AA34-F2490192A230}.Release|Win32.Build.0 = Release|Win32
		{26475D31-ECBD-4E2F-AA34-F2490192A230}.Release|x64.ActiveCfg = Release|Win32
		{26475D31-ECBD-4E2F-AA34-F2490192A230}.RelWithDebInfo|ARM.ActiveCfg = RelWithDebInfo|Win32
		{26475D31-ECBD-4E2F-AA34-F2490192A230}.RelWithDebInfo|Win32.ActiveCfg = RelWithDebInfo|Win32
		{26475D31-ECBD-4E2F-AA34-F2490192A230}.RelWithDebInfo|Win32.Build.0 = RelWithDebInfo|Win32
		{26475D31-ECBD-4E2F-AA34-F2490192A230}.RelWithDebInfo|x64.ActiveCfg = RelWithDebInfo|Win32
	EndGlobalSection
	GlobalSection(SolutionProperties) = preSolution
		HideSolutionNode = FALSE
	EndGlobalSection
	GlobalSection(NestedProjects) = preSolution
		{AA296E9A-C4CA-309A-B8B9-3B373D9AA732} = {1FF20B2B-5881-39D0-BC82-13970EAB0C58}
		{80BEDF65-B96C-30B2-9B35-45D4C5EC6869} = {1FF20B2B-5881-39D0-BC82-13970EAB0C58}
		{F98E8E7D-0593-32F5-B9D7-17B05B88E483} = {1FF20B2B-5881-39D0-BC82-13970EAB0C58}
		{A0D5D8A7-FC7A-3070-B780-584543532F31} = {1FF20B2B-5881-39D0-BC82-13970EAB0C58}
		{E6B5AC9D-2D05-368C-AC2C-7233C9D93BF6} = {1F356790-078A-31FA-8526-838B82229495}
		{A95A2ABA-5E85-37D1-AC87-444802627622} = {1F356790-078A-31FA-8526-838B82229495}
		{26475D31-ECBD-4E2F-AA34-F2490192A230} = {E6B5AC9D-2D05-368C-AC2C-7233C9D93BF6}
		{ACF13479-B39B-3F45-A3FA-EFD6AFD572EC} = {A95A2ABA-5E85-37D1-AC87-444802627622}
	EndGlobalSection
	GlobalSection(ExtensibilityGlobals) = postSolution
		SolutionGuid = {738E004A-D75B-3EF1-BAC1-EA8E5C2BD5A1}
	EndGlobalSection
EndGlobal
